
Microsoft Visual Studio Solution File, Format Version 12.00
# Visual Studio 15
VisualStudioVersion = 15.0.27703.2042
MinimumVisualStudioVersion = 10.0.40219.1
Project("{FAE04EC0-301F-11D3-BF4B-00C04F79EFBC}") = "sampletest.Android", "sampletest\sampletest.Android\sampletest.Android.csproj", "{0D4D87C1-897D-4BF5-BCB3-2FAC4FD93BD5}"
EndProject
Project("{FAE04EC0-301F-11D3-BF4B-00C04F79EFBC}") = "sampletest.iOS", "sampletest\sampletest.iOS\sampletest.iOS.csproj", "{26AF5A67-08D5-485B-9521-A6A237101407}"
EndProject
Project("{FAE04EC0-301F-11D3-BF4B-00C04F79EFBC}") = "sampletest", "sampletest\sampletest\sampletest.csproj", "{B0782B25-16C4-42AD-BE47-DDF1CE71C960}"
EndProject
Global
	GlobalSection(SolutionConfigurationPlatforms) = preSolution
		Ad-Hoc|Any CPU = Ad-Hoc|Any CPU
		Ad-Hoc|iPhone = Ad-Hoc|iPhone
		Ad-Hoc|iPhoneSimulator = Ad-Hoc|iPhoneSimulator
		AppStore|Any CPU = AppStore|Any CPU
		AppStore|iPhone = AppStore|iPhone
		AppStore|iPhoneSimulator = AppStore|iPhoneSimulator
		Debug|Any CPU = Debug|Any CPU
		Debug|iPhone = Debug|iPhone
		Debug|iPhoneSimulator = Debug|iPhoneSimulator
		Release|Any CPU = Release|Any CPU
		Release|iPhone = Release|iPhone
		Release|iPhoneSimulator = Release|iPhoneSimulator
	EndGlobalSection
	GlobalSection(ProjectConfigurationPlatforms) = postSolution
		{0D4D87C1-897D-4BF5-BCB3-2FAC4FD93BD5}.Ad-Hoc|Any CPU.ActiveCfg = Release|Any CPU
		{0D4D87C1-897D-4BF5-BCB3-2FAC4FD93BD5}.Ad-Hoc|Any CPU.Build.0 = Release|Any CPU
		{0D4D87C1-897D-4BF5-BCB3-2FAC4FD93BD5}.Ad-Hoc|Any CPU.Deploy.0 = Release|Any CPU
		{0D4D87C1-897D-4BF5-BCB3-2FAC4FD93BD5}.Ad-Hoc|iPhone.ActiveCfg = Release|Any CPU
		{0D4D87C1-897D-4BF5-BCB3-2FAC4FD93BD5}.Ad-Hoc|iPhone.Build.0 = Release|Any CPU
		{0D4D87C1-897D-4BF5-BCB3-2FAC4FD93BD5}.Ad-Hoc|iPhone.Deploy.0 = Release|Any CPU
		{0D4D87C1-897D-4BF5-BCB3-2FAC4FD93BD5}.Ad-Hoc|iPhoneSimulator.ActiveCfg = Release|Any CPU
		{0D4D87C1-897D-4BF5-BCB3-2FAC4FD93BD5}.Ad-Hoc|iPhoneSimulator.Build.0 = Release|Any CPU
		{0D4D87C1-897D-4BF5-BCB3-2FAC4FD93BD5}.Ad-Hoc|iPhoneSimulator.Deploy.0 = Release|Any CPU
		{0D4D87C1-897D-4BF5-BCB3-2FAC4FD93BD5}.AppStore|Any CPU.ActiveCfg = Release|Any CPU
		{0D4D87C1-897D-4BF5-BCB3-2FAC4FD93BD5}.AppStore|Any CPU.Build.0 = Release|Any CPU
		{0D4D87C1-897D-4BF5-BCB3-2FAC4FD93BD5}.AppStore|Any CPU.Deploy.0 = Release|Any CPU
		{0D4D87C1-897D-4BF5-BCB3-2FAC4FD93BD5}.AppStore|iPhone.ActiveCfg = Release|Any CPU
		{0D4D87C1-897D-4BF5-BCB3-2FAC4FD93BD5}.AppStore|iPhone.Build.0 = Release|Any CPU
		{0D4D87C1-897D-4BF5-BCB3-2FAC4FD93BD5}.AppStore|iPhone.Deploy.0 = Release|Any CPU
		{0D4D87C1-897D-4BF5-BCB3-2FAC4FD93BD5}.AppStore|iPhoneSimulator.ActiveCfg = Release|Any CPU
		{0D4D87C1-897D-4BF5-BCB3-2FAC4FD93BD5}.AppStore|iPhoneSimulator.Build.0 = Release|Any CPU
		{0D4D87C1-897D-4BF5-BCB3-2FAC4FD93BD5}.AppStore|iPhoneSimulator.Deploy.0 = Release|Any CPU
		{0D4D87C1-897D-4BF5-BCB3-2FAC4FD93BD5}.Debug|Any CPU.ActiveCfg = Debug|Any CPU
		{0D4D87C1-897D-4BF5-BCB3-2FAC4FD93BD5}.Debug|Any CPU.Build.0 = Debug|Any CPU
		{0D4D87C1-897D-4BF5-BCB3-2FAC4FD93BD5}.Debug|Any CPU.Deploy.0 = Debug|Any CPU
		{0D4D87C1-897D-4BF5-BCB3-2FAC4FD93BD5}.Debug|iPhone.ActiveCfg = Debug|Any CPU
		{0D4D87C1-897D-4BF5-BCB3-2FAC4FD93BD5}.Debug|iPhone.Build.0 = Debug|Any CPU
		{0D4D87C1-897D-4BF5-BCB3-2FAC4FD93BD5}.Debug|iPhone.Deploy.0 = Debug|Any CPU
		{0D4D87C1-897D-4BF5-BCB3-2FAC4FD93BD5}.Debug|iPhoneSimulator.ActiveCfg = Debug|Any CPU
		{0D4D87C1-897D-4BF5-BCB3-2FAC4FD93BD5}.Debug|iPhoneSimulator.Build.0 = Debug|Any CPU
		{0D4D87C1-897D-4BF5-BCB3-2FAC4FD93BD5}.Debug|iPhoneSimulator.Deploy.0 = Debug|Any CPU
		{0D4D87C1-897D-4BF5-BCB3-2FAC4FD93BD5}.Release|Any CPU.ActiveCfg = Release|Any CPU
		{0D4D87C1-897D-4BF5-BCB3-2FAC4FD93BD5}.Release|Any CPU.Build.0 = Release|Any CPU
		{0D4D87C1-897D-4BF5-BCB3-2FAC4FD93BD5}.Release|Any CPU.Deploy.0 = Release|Any CPU
		{0D4D87C1-897D-4BF5-BCB3-2FAC4FD93BD5}.Release|iPhone.ActiveCfg = Release|Any CPU
		{0D4D87C1-897D-4BF5-BCB3-2FAC4FD93BD5}.Release|iPhone.Build.0 = Release|Any CPU
		{0D4D87C1-897D-4BF5-BCB3-2FAC4FD93BD5}.Release|iPhone.Deploy.0 = Release|Any CPU
		{0D4D87C1-897D-4BF5-BCB3-2FAC4FD93BD5}.Release|iPhoneSimulator.ActiveCfg = Release|Any CPU
		{0D4D87C1-897D-4BF5-BCB3-2FAC4FD93BD5}.Release|iPhoneSimulator.Build.0 = Release|Any CPU
		{0D4D87C1-897D-4BF5-BCB3-2FAC4FD93BD5}.Release|iPhoneSimulator.Deploy.0 = Release|Any CPU
		{26AF5A67-08D5-485B-9521-A6A237101407}.Ad-Hoc|Any CPU.ActiveCfg = Ad-Hoc|iPhone
		{26AF5A67-08D5-485B-9521-A6A237101407}.Ad-Hoc|Any CPU.Build.0 = Ad-Hoc|iPhone
		{26AF5A67-08D5-485B-9521-A6A237101407}.Ad-Hoc|Any CPU.Deploy.0 = Ad-Hoc|iPhone
		{26AF5A67-08D5-485B-9521-A6A237101407}.Ad-Hoc|iPhone.ActiveCfg = Ad-Hoc|iPhone
		{26AF5A67-08D5-485B-9521-A6A237101407}.Ad-Hoc|iPhone.Build.0 = Ad-Hoc|iPhone
		{26AF5A67-08D5-485B-9521-A6A237101407}.Ad-Hoc|iPhone.Deploy.0 = Ad-Hoc|iPhone
		{26AF5A67-08D5-485B-9521-A6A237101407}.Ad-Hoc|iPhoneSimulator.ActiveCfg = Ad-Hoc|iPhoneSimulator
		{26AF5A67-08D5-485B-9521-A6A237101407}.Ad-Hoc|iPhoneSimulator.Build.0 = Ad-Hoc|iPhoneSimulator
		{26AF5A67-08D5-485B-9521-A6A237101407}.Ad-Hoc|iPhoneSimulator.Deploy.0 = Ad-Hoc|iPhoneSimulator
		{26AF5A67-08D5-485B-9521-A6A237101407}.AppStore|Any CPU.ActiveCfg = AppStore|iPhone
		{26AF5A67-08D5-485B-9521-A6A237101407}.AppStore|Any CPU.Build.0 = AppStore|iPhone
		{26AF5A67-08D5-485B-9521-A6A237101407}.AppStore|Any CPU.Deploy.0 = AppStore|iPhone
		{26AF5A67-08D5-485B-9521-A6A237101407}.AppStore|iPhone.ActiveCfg = AppStore|iPhone
		{26AF5A67-08D5-485B-9521-A6A237101407}.AppStore|iPhone.Build.0 = AppStore|iPhone
		{26AF5A67-08D5-485B-9521-A6A237101407}.AppStore|iPhone.Deploy.0 = AppStore|iPhone
		{26AF5A67-08D5-485B-9521-A6A237101407}.AppStore|iPhoneSimulator.ActiveCfg = AppStore|iPhoneSimulator
		{26AF5A67-08D5-485B-9521-A6A237101407}.AppStore|iPhoneSimulator.Build.0 = AppStore|iPhoneSimulator
		{26AF5A67-08D5-485B-9521-A6A237101407}.AppStore|iPhoneSimulator.Deploy.0 = AppStore|iPhoneSimulator
		{26AF5A67-08D5-485B-9521-A6A237101407}.Debug|Any CPU.ActiveCfg = Debug|iPhoneSimulator
		{26AF5A67-08D5-485B-9521-A6A237101407}.Debug|Any CPU.Build.0 = Debug|iPhoneSimulator
		{26AF5A67-08D5-485B-9521-A6A237101407}.Debug|Any CPU.Deploy.0 = Debug|iPhoneSimulator
		{26AF5A67-08D5-485B-9521-A6A237101407}.Debug|iPhone.ActiveCfg = Debug|iPhone
		{26AF5A67-08D5-485B-9521-A6A237101407}.Debug|iPhone.Build.0 = Debug|iPhone
		{26AF5A67-08D5-485B-9521-A6A237101407}.Debug|iPhone.Deploy.0 = Debug|iPhone
		{26AF5A67-08D5-485B-9521-A6A237101407}.Debug|iPhoneSimulator.ActiveCfg = Debug|iPhoneSimulator
		{26AF5A67-08D5-485B-9521-A6A237101407}.Debug|iPhoneSimulator.Build.0 = Debug|iPhoneSimulator
		{26AF5A67-08D5-485B-9521-A6A237101407}.Debug|iPhoneSimulator.Deploy.0 = Debug|iPhoneSimulator
		{26AF5A67-08D5-485B-9521-A6A237101407}.Release|Any CPU.ActiveCfg = Release|iPhone
		{26AF5A67-08D5-485B-9521-A6A237101407}.Release|Any CPU.Build.0 = Release|iPhone
		{26AF5A67-08D5-485B-9521-A6A237101407}.Release|Any CPU.Deploy.0 = Release|iPhone
		{26AF5A67-08D5-485B-9521-A6A237101407}.Release|iPhone.ActiveCfg = Release|iPhone
		{26AF5A67-08D5-485B-9521-A6A237101407}.Release|iPhone.Build.0 = Release|iPhone
		{26AF5A67-08D5-485B-9521-A6A237101407}.Release|iPhone.Deploy.0 = Release|iPhone
		{26AF5A67-08D5-485B-9521-A6A237101407}.Release|iPhoneSimulator.ActiveCfg = Release|iPhoneSimulator
		{26AF5A67-08D5-485B-9521-A6A237101407}.Release|iPhoneSimulator.Build.0 = Release|iPhoneSimulator
		{26AF5A67-08D5-485B-9521-A6A237101407}.Release|iPhoneSimulator.Deploy.0 = Release|iPhoneSimulator
		{B0782B25-16C4-42AD-BE47-DDF1CE71C960}.Ad-Hoc|Any CPU.ActiveCfg = Debug|Any CPU
		{B0782B25-16C4-42AD-BE47-DDF1CE71C960}.Ad-Hoc|Any CPU.Build.0 = Debug|Any CPU
		{B0782B25-16C4-42AD-BE47-DDF1CE71C960}.Ad-Hoc|Any CPU.Deploy.0 = Debug|Any CPU
		{B0782B25-16C4-42AD-BE47-DDF1CE71C960}.Ad-Hoc|iPhone.ActiveCfg = Debug|Any CPU
		{B0782B25-16C4-42AD-BE47-DDF1CE71C960}.Ad-Hoc|iPhone.Build.0 = Debug|Any CPU
		{B0782B25-16C4-42AD-BE47-DDF1CE71C960}.Ad-Hoc|iPhone.Deploy.0 = Debug|Any CPU
		{B0782B25-16C4-42AD-BE47-DDF1CE71C960}.Ad-Hoc|iPhoneSimulator.ActiveCfg = Debug|Any CPU
		{B0782B25-16C4-42AD-BE47-DDF1CE71C960}.Ad-Hoc|iPhoneSimulator.Build.0 = Debug|Any CPU
		{B0782B25-16C4-42AD-BE47-DDF1CE71C960}.Ad-Hoc|iPhoneSimulator.Deploy.0 = Debug|Any CPU
		{B0782B25-16C4-42AD-BE47-DDF1CE71C960}.AppStore|Any CPU.ActiveCfg = Debug|Any CPU
		{B0782B25-16C4-42AD-BE47-DDF1CE71C960}.AppStore|Any CPU.Build.0 = Debug|Any CPU
		{B0782B25-16C4-42AD-BE47-DDF1CE71C960}.AppStore|Any CPU.Deploy.0 = Debug|Any CPU
		{B0782B25-16C4-42AD-BE47-DDF1CE71C960}.AppStore|iPhone.ActiveCfg = Debug|Any CPU
		{B0782B25-16C4-42AD-BE47-DDF1CE71C960}.AppStore|iPhone.Build.0 = Debug|Any CPU
		{B0782B25-16C4-42AD-BE47-DDF1CE71C960}.AppStore|iPhone.Deploy.0 = Debug|Any CPU
		{B0782B25-16C4-42AD-BE47-DDF1CE71C960}.AppStore|iPhoneSimulator.ActiveCfg = Debug|Any CPU
		{B0782B25-16C4-42AD-BE47-DDF1CE71C960}.AppStore|iPhoneSimulator.Build.0 = Debug|Any CPU
		{B0782B25-16C4-42AD-BE47-DDF1CE71C960}.AppStore|iPhoneSimulator.Deploy.0 = Debug|Any CPU
		{B0782B25-16C4-42AD-BE47-DDF1CE71C960}.Debug|Any CPU.ActiveCfg = Debug|Any CPU
		{B0782B25-16C4-42AD-BE47-DDF1CE71C960}.Debug|Any CPU.Build.0 = Debug|Any CPU
		{B0782B25-16C4-42AD-BE47-DDF1CE71C960}.Debug|Any CPU.Deploy.0 = Debug|Any CPU
		{B0782B25-16C4-42AD-BE47-DDF1CE71C960}.Debug|iPhone.ActiveCfg = Debug|Any CPU
		{B0782B25-16C4-42AD-BE47-DDF1CE71C960}.Debug|iPhone.Build.0 = Debug|Any CPU
		{B0782B25-16C4-42AD-BE47-DDF1CE71C960}.Debug|iPhone.Deploy.0 = Debug|Any CPU
		{B0782B25-16C4-42AD-BE47-DDF1CE71C960}.Debug|iPhoneSimulator.ActiveCfg = Debug|Any CPU
		{B0782B25-16C4-42AD-BE47-DDF1CE71C960}.Debug|iPhoneSimulator.Build.0 = Debug|Any CPU
		{B0782B25-16C4-42AD-BE47-DDF1CE71C960}.Debug|iPhoneSimulator.Deploy.0 = Debug|Any CPU
		{B0782B25-16C4-42AD-BE47-DDF1CE71C960}.Release|Any CPU.ActiveCfg = Release|Any CPU
		{B0782B25-16C4-42AD-BE47-DDF1CE71C960}.Release|Any CPU.Build.0 = Release|Any CPU
		{B0782B25-16C4-42AD-BE47-DDF1CE71C960}.Release|Any CPU.Deploy.0 = Release|Any CPU
		{B0782B25-16C4-42AD-BE47-DDF1CE71C960}.Release|iPhone.ActiveCfg = Release|Any CPU
		{B0782B25-16C4-42AD-BE47-DDF1CE71C960}.Release|iPhone.Build.0 = Release|Any CPU
		{B0782B25-16C4-42AD-BE47-DDF1CE71C960}.Release|iPhone.Deploy.0 = Release|Any CPU
		{B0782B25-16C4-42AD-BE47-DDF1CE71C960}.Release|iPhoneSimulator.ActiveCfg = Release|Any CPU
		{B0782B25-16C4-42AD-BE47-DDF1CE71C960}.Release|iPhoneSimulator.Build.0 = Release|Any CPU
		{B0782B25-16C4-42AD-BE47-DDF1CE71C960}.Release|iPhoneSimulator.Deploy.0 = Release|Any CPU
	EndGlobalSection
	GlobalSection(SolutionProperties) = preSolution
		HideSolutionNode = FALSE
	EndGlobalSection
	GlobalSection(ExtensibilityGlobals) = postSolution
		SolutionGuid = {56B7AE34-A698-4C0B-8612-739F718A194C}
	EndGlobalSection
EndGlobal
